{
  "name": "tree-sitter-mtml",
  "version": "1.0.0",
  "lockfileVersion": 3,
  "requires": true,
  "packages": {
    "": {
      "name": "tree-sitter-mtml",
      "version": "1.0.0",
      "license": "ISC",
      "dependencies": {
        "tree-sitter-cli": "^0.24.3"
      }
    },
    "node_modules/tree-sitter-cli": {
      "version": "0.24.3",
      "resolved": "https://registry.npmjs.org/tree-sitter-cli/-/tree-sitter-cli-0.24.3.tgz",
      "integrity": "sha512-5vS0SiJf31tMTn9CYLsu5l18qXaw5MLFka3cuGxOB5f4TtgoUSK1Sog6rKmqBc7PvFJq37YcQBjj9giNy2cJPw==",
      "hasInstallScript": true,
      "bin": {
        "tree-sitter": "cli.js"
      },
      "engines": {
        "node": ">=12.0.0"
      }
    }
  }
}
